Microsoft Visual Studio Solution File, Format Version 11.00
# Visual Studio 2008

Project("{0E698A8F-FC1A-0AF6-22C7-B4DB3CB750CC}") = "test01", "Assembly-CSharp-firstpass.csproj", "{DF75517E-7ADC-B0CF-3CA8-1ECF059D3509}"
EndProject
Project("{0E698A8F-FC1A-0AF6-22C7-B4DB3CB750CC}") = "test01", "Assembly-UnityScript-firstpass.unityproj", "{18A3E3EF-152E-15D9-880A-8346D8BD2C5E}"
EndProject
Project("{0E698A8F-FC1A-0AF6-22C7-B4DB3CB750CC}") = "test01", "Assembly-UnityScript.unityproj", "{E4ECC9EC-D05A-B2F1-B8D9-C53D12183286}"
EndProject
Global
	GlobalSection(SolutionConfigurationPlatforms) = preSolution
		Debug|Any CPU = Debug|Any CPU
		Release|Any CPU = Release|Any CPU
	EndGlobalSection
	GlobalSection(ProjectConfigurationPlatforms) = postSolution
		{DF75517E-7ADC-B0CF-3CA8-1ECF059D3509}.Debug|Any CPU.ActiveCfg = Debug|Any CPU
		{DF75517E-7ADC-B0CF-3CA8-1ECF059D3509}.Debug|Any CPU.Build.0 = Debug|Any CPU
		{DF75517E-7ADC-B0CF-3CA8-1ECF059D3509}.Release|Any CPU.ActiveCfg = Release|Any CPU
		{DF75517E-7ADC-B0CF-3CA8-1ECF059D3509}.Release|Any CPU.Build.0 = Release|Any CPU
		{18A3E3EF-152E-15D9-880A-8346D8BD2C5E}.Debug|Any CPU.ActiveCfg = Debug|Any CPU
		{18A3E3EF-152E-15D9-880A-8346D8BD2C5E}.Debug|Any CPU.Build.0 = Debug|Any CPU
		{18A3E3EF-152E-15D9-880A-8346D8BD2C5E}.Release|Any CPU.ActiveCfg = Release|Any CPU
		{18A3E3EF-152E-15D9-880A-8346D8BD2C5E}.Release|Any CPU.Build.0 = Release|Any CPU
		{E4ECC9EC-D05A-B2F1-B8D9-C53D12183286}.Debug|Any CPU.ActiveCfg = Debug|Any CPU
		{E4ECC9EC-D05A-B2F1-B8D9-C53D12183286}.Debug|Any CPU.Build.0 = Debug|Any CPU
		{E4ECC9EC-D05A-B2F1-B8D9-C53D12183286}.Release|Any CPU.ActiveCfg = Release|Any CPU
		{E4ECC9EC-D05A-B2F1-B8D9-C53D12183286}.Release|Any CPU.Build.0 = Release|Any CPU
	EndGlobalSection
	GlobalSection(SolutionProperties) = preSolution
		HideSolutionNode = FALSE
	EndGlobalSection
							GlobalSection(MonoDevelopProperties) = preSolution
		StartupItem = Assembly-CSharp.csproj
		Policies = $0
		$0.TextStylePolicy = $1
		$1.inheritsSet = null
		$1.scope = text/x-csharp
		$0.CSharpFormattingPolicy = $2
		$2.inheritsSet = Mono
		$2.inheritsScope = text/x-csharp
		$2.scope = text/x-csharp
		$0.TextStylePolicy = $3
		$3.FileWidth = 120
		$3.TabWidth = 4
		$3.EolMarker = Unix
		$3.inheritsSet = Mono
		$3.inheritsScope = text/plain
		$3.scope = text/plain
	EndGlobalSection

EndGlobal
